
Microsoft Visual Studio Solution File, Format Version 12.00
# Visual Studio Version 17
VisualStudioVersion = 17.2.32516.85
MinimumVisualStudioVersion = 10.0.40219.1
Project("{8BC9CEB8-8B4A-11D0-8D11-00A0C91BC942}") = "client_app", "client_app\client_app.vcxproj", "{60F348B4-329E-43E2-8EAC-B4FE6A28B9BE}"
EndProject
Project("{9A19103F-16F7-4668-BE54-9A1E7A4F7556}") = "CSharpApp", "CSharpApp\CSharpApp.csproj", "{98530CEE-772B-46CC-9256-EA098FFD46EA}"
EndProject
Project("{8BC9CEB8-8B4A-11D0-8D11-00A0C91BC942}") = "CppCliWrapper", "CppCliWrapper\CppCliWrapper.vcxproj", "{6724F880-8F82-4635-8D47-B7BCADAD85EC}"
EndProject
Project("{2150E333-8FDC-42A3-9474-1A3956D46DE8}") = "Solution Items", "Solution Items", "{9333982F-9A7A-4C62-8C85-2E91F2627A2F}"
	ProjectSection(SolutionItems) = preProject
		README.md = README.md
	EndProjectSection
EndProject
Global
	GlobalSection(SolutionConfigurationPlatforms) = preSolution
		Debug|Any CPU = Debug|Any CPU
		Debug|x64 = Debug|x64
		Debug|x86 = Debug|x86
		Release|Any CPU = Release|Any CPU
		Release|x64 = Release|x64
		Release|x86 = Release|x86
	EndGlobalSection
	GlobalSection(ProjectConfigurationPlatforms) = postSolution
		{60F348B4-329E-43E2-8EAC-B4FE6A28B9BE}.Debug|Any CPU.ActiveCfg = Debug|Win32
		{60F348B4-329E-43E2-8EAC-B4FE6A28B9BE}.Debug|x64.ActiveCfg = Debug|x64
		{60F348B4-329E-43E2-8EAC-B4FE6A28B9BE}.Debug|x64.Build.0 = Debug|x64
		{60F348B4-329E-43E2-8EAC-B4FE6A28B9BE}.Debug|x86.ActiveCfg = Debug|Win32
		{60F348B4-329E-43E2-8EAC-B4FE6A28B9BE}.Debug|x86.Build.0 = Debug|Win32
		{60F348B4-329E-43E2-8EAC-B4FE6A28B9BE}.Release|Any CPU.ActiveCfg = Release|Win32
		{60F348B4-329E-43E2-8EAC-B4FE6A28B9BE}.Release|x64.ActiveCfg = Release|x64
		{60F348B4-329E-43E2-8EAC-B4FE6A28B9BE}.Release|x64.Build.0 = Release|x64
		{60F348B4-329E-43E2-8EAC-B4FE6A28B9BE}.Release|x86.ActiveCfg = Release|Win32
		{60F348B4-329E-43E2-8EAC-B4FE6A28B9BE}.Release|x86.Build.0 = Release|Win32
		{98530CEE-772B-46CC-9256-EA098FFD46EA}.Debug|Any CPU.ActiveCfg = Debug|Any CPU
		{98530CEE-772B-46CC-9256-EA098FFD46EA}.Debug|Any CPU.Build.0 = Debug|Any CPU
		{98530CEE-772B-46CC-9256-EA098FFD46EA}.Debug|x64.ActiveCfg = Debug|Any CPU
		{98530CEE-772B-46CC-9256-EA098FFD46EA}.Debug|x64.Build.0 = Debug|Any CPU
		{98530CEE-772B-46CC-9256-EA098FFD46EA}.Debug|x86.ActiveCfg = Debug|Any CPU
		{98530CEE-772B-46CC-9256-EA098FFD46EA}.Debug|x86.Build.0 = Debug|Any CPU
		{98530CEE-772B-46CC-9256-EA098FFD46EA}.Release|Any CPU.ActiveCfg = Release|Any CPU
		{98530CEE-772B-46CC-9256-EA098FFD46EA}.Release|Any CPU.Build.0 = Release|Any CPU
		{98530CEE-772B-46CC-9256-EA098FFD46EA}.Release|x64.ActiveCfg = Release|Any CPU
		{98530CEE-772B-46CC-9256-EA098FFD46EA}.Release|x64.Build.0 = Release|Any CPU
		{98530CEE-772B-46CC-9256-EA098FFD46EA}.Release|x86.ActiveCfg = Release|Any CPU
		{98530CEE-772B-46CC-9256-EA098FFD46EA}.Release|x86.Build.0 = Release|Any CPU
		{6724F880-8F82-4635-8D47-B7BCADAD85EC}.Debug|Any CPU.ActiveCfg = Debug|x64
		{6724F880-8F82-4635-8D47-B7BCADAD85EC}.Debug|Any CPU.Build.0 = Debug|x64
		{6724F880-8F82-4635-8D47-B7BCADAD85EC}.Debug|x64.ActiveCfg = Debug|x64
		{6724F880-8F82-4635-8D47-B7BCADAD85EC}.Debug|x64.Build.0 = Debug|x64
		{6724F880-8F82-4635-8D47-B7BCADAD85EC}.Debug|x86.ActiveCfg = Debug|Win32
		{6724F880-8F82-4635-8D47-B7BCADAD85EC}.Debug|x86.Build.0 = Debug|Win32
		{6724F880-8F82-4635-8D47-B7BCADAD85EC}.Release|Any CPU.ActiveCfg = Release|x64
		{6724F880-8F82-4635-8D47-B7BCADAD85EC}.Release|Any CPU.Build.0 = Release|x64
		{6724F880-8F82-4635-8D47-B7BCADAD85EC}.Release|x64.ActiveCfg = Release|x64
		{6724F880-8F82-4635-8D47-B7BCADAD85EC}.Release|x64.Build.0 = Release|x64
		{6724F880-8F82-4635-8D47-B7BCADAD85EC}.Release|x86.ActiveCfg = Release|Win32
		{6724F880-8F82-4635-8D47-B7BCADAD85EC}.Release|x86.Build.0 = Release|Win32
	EndGlobalSection
	GlobalSection(SolutionProperties) = preSolution
		HideSolutionNode = FALSE
	EndGlobalSection
	GlobalSection(ExtensibilityGlobals) = postSolution
		SolutionGuid = {B4848E58-D98A-4B57-BDCB-BBFD7D8FACE1}
	EndGlobalSection
EndGlobal
